
Microsoft Visual Studio Solution File, Format Version 12.00
# Visual Studio Version 17
VisualStudioVersion = 17.4.33205.214
MinimumVisualStudioVersion = 10.0.40219.1
Project("{9A19103F-16F7-4668-BE54-9A1E7A4F7556}") = "Group1_CourseOnline", "Group1_CourseOnline.csproj", "{4C6096A7-411D-42FD-8A36-30879F6C7088}"
EndProject
Global
	GlobalSection(SolutionConfigurationPlatforms) = preSolution
		Debug|Any CPU = Debug|Any CPU
		Release|Any CPU = Release|Any CPU
	EndGlobalSection
	GlobalSection(ProjectConfigurationPlatforms) = postSolution
		{4C6096A7-411D-42FD-8A36-30879F6C7088}.Debug|Any CPU.ActiveCfg = Debug|Any CPU
		{4C6096A7-411D-42FD-8A36-30879F6C7088}.Debug|Any CPU.Build.0 = Debug|Any CPU
		{4C6096A7-411D-42FD-8A36-30879F6C7088}.Release|Any CPU.ActiveCfg = Release|Any CPU
		{4C6096A7-411D-42FD-8A36-30879F6C7088}.Release|Any CPU.Build.0 = Release|Any CPU
	EndGlobalSection
	GlobalSection(SolutionProperties) = preSolution
		HideSolutionNode = FALSE
	EndGlobalSection
	GlobalSection(ExtensibilityGlobals) = postSolution
		SolutionGuid = {E96E76CB-15D2-48D6-9D1C-275F6F3936CB}
	EndGlobalSection
EndGlobal
